
Microsoft Visual Studio Solution File, Format Version 12.00
# Visual Studio Version 16
VisualStudioVersion = 16.0.31424.327
MinimumVisualStudioVersion = 10.0.40219.1
Project("{9A19103F-16F7-4668-BE54-9A1E7A4F7556}") = "ProjectModule.Grpc", "ProjectModule.Grpc\ProjectModule.Grpc.csproj", "{30BE54E5-5338-493F-9B79-F5CD57A4305A}"
EndProject
Project("{9A19103F-16F7-4668-BE54-9A1E7A4F7556}") = "Grpc.Data", "Grpc.Data\Grpc.Data.csproj", "{4750273A-D12B-4228-8F19-345D6A228402}"
EndProject
Global
	GlobalSection(SolutionConfigurationPlatforms) = preSolution
		Debug|Any CPU = Debug|Any CPU
		Release|Any CPU = Release|Any CPU
	EndGlobalSection
	GlobalSection(ProjectConfigurationPlatforms) = postSolution
		{30BE54E5-5338-493F-9B79-F5CD57A4305A}.Debug|Any CPU.ActiveCfg = Debug|Any CPU
		{30BE54E5-5338-493F-9B79-F5CD57A4305A}.Debug|Any CPU.Build.0 = Debug|Any CPU
		{30BE54E5-5338-493F-9B79-F5CD57A4305A}.Release|Any CPU.ActiveCfg = Release|Any CPU
		{30BE54E5-5338-493F-9B79-F5CD57A4305A}.Release|Any CPU.Build.0 = Release|Any CPU
		{4750273A-D12B-4228-8F19-345D6A228402}.Debug|Any CPU.ActiveCfg = Debug|Any CPU
		{4750273A-D12B-4228-8F19-345D6A228402}.Debug|Any CPU.Build.0 = Debug|Any CPU
		{4750273A-D12B-4228-8F19-345D6A228402}.Release|Any CPU.ActiveCfg = Release|Any CPU
		{4750273A-D12B-4228-8F19-345D6A228402}.Release|Any CPU.Build.0 = Release|Any CPU
	EndGlobalSection
	GlobalSection(SolutionProperties) = preSolution
		HideSolutionNode = FALSE
	EndGlobalSection
	GlobalSection(ExtensibilityGlobals) = postSolution
		SolutionGuid = {B1439C64-D0E1-4828-9116-E0C50AF6A8CC}
	EndGlobalSection
EndGlobal
